
Microsoft Visual Studio Solution File, Format Version 12.00
# Visual Studio Version 17
VisualStudioVersion = 17.12.35707.178 d17.12
MinimumVisualStudioVersion = 10.0.40219.1
Project("{FAE04EC0-301F-11D3-BF4B-00C04F79EFBC}") = "01_webApi", "01_webApi\01_webApi.csproj", "{B9140A6C-8C7C-42EF-B871-BFCD59F8E195}"
EndProject
Project("{FAE04EC0-301F-11D3-BF4B-00C04F79EFBC}") = "03_Core", "03_Core\03_Core.csproj", "{0FE054D2-6017-4D10-8F25-F68664B59D49}"
EndProject
Project("{FAE04EC0-301F-11D3-BF4B-00C04F79EFBC}") = "04_Infraestructure", "04_Infraestructure\04_Infraestructure.csproj", "{6C5A76DE-4562-414B-AC9B-5DD6C6C13789}"
EndProject
Project("{FAE04EC0-301F-11D3-BF4B-00C04F79EFBC}") = "02_Application", "02_Application\02_Application.csproj", "{C7B4E136-EC78-46F6-98FE-2B85E1FFAAE8}"
EndProject
Project("{FAE04EC0-301F-11D3-BF4B-00C04F79EFBC}") = "05_UnitTest", "05_UnitTest\05_UnitTest.csproj", "{4990D3E1-FD4B-4155-8715-00BCD2995335}"
EndProject
Global
	GlobalSection(SolutionConfigurationPlatforms) = preSolution
		Debug|Any CPU = Debug|Any CPU
		Release|Any CPU = Release|Any CPU
	EndGlobalSection
	GlobalSection(ProjectConfigurationPlatforms) = postSolution
		{B9140A6C-8C7C-42EF-B871-BFCD59F8E195}.Debug|Any CPU.ActiveCfg = Debug|Any CPU
		{B9140A6C-8C7C-42EF-B871-BFCD59F8E195}.Debug|Any CPU.Build.0 = Debug|Any CPU
		{B9140A6C-8C7C-42EF-B871-BFCD59F8E195}.Release|Any CPU.ActiveCfg = Release|Any CPU
		{B9140A6C-8C7C-42EF-B871-BFCD59F8E195}.Release|Any CPU.Build.0 = Release|Any CPU
		{0FE054D2-6017-4D10-8F25-F68664B59D49}.Debug|Any CPU.ActiveCfg = Debug|Any CPU
		{0FE054D2-6017-4D10-8F25-F68664B59D49}.Debug|Any CPU.Build.0 = Debug|Any CPU
		{0FE054D2-6017-4D10-8F25-F68664B59D49}.Release|Any CPU.ActiveCfg = Release|Any CPU
		{0FE054D2-6017-4D10-8F25-F68664B59D49}.Release|Any CPU.Build.0 = Release|Any CPU
		{6C5A76DE-4562-414B-AC9B-5DD6C6C13789}.Debug|Any CPU.ActiveCfg = Debug|Any CPU
		{6C5A76DE-4562-414B-AC9B-5DD6C6C13789}.Debug|Any CPU.Build.0 = Debug|Any CPU
		{6C5A76DE-4562-414B-AC9B-5DD6C6C13789}.Release|Any CPU.ActiveCfg = Release|Any CPU
		{6C5A76DE-4562-414B-AC9B-5DD6C6C13789}.Release|Any CPU.Build.0 = Release|Any CPU
		{C7B4E136-EC78-46F6-98FE-2B85E1FFAAE8}.Debug|Any CPU.ActiveCfg = Debug|Any CPU
		{C7B4E136-EC78-46F6-98FE-2B85E1FFAAE8}.Debug|Any CPU.Build.0 = Debug|Any CPU
		{C7B4E136-EC78-46F6-98FE-2B85E1FFAAE8}.Release|Any CPU.ActiveCfg = Release|Any CPU
		{C7B4E136-EC78-46F6-98FE-2B85E1FFAAE8}.Release|Any CPU.Build.0 = Release|Any CPU
		{4990D3E1-FD4B-4155-8715-00BCD2995335}.Debug|Any CPU.ActiveCfg = Debug|Any CPU
		{4990D3E1-FD4B-4155-8715-00BCD2995335}.Debug|Any CPU.Build.0 = Debug|Any CPU
		{4990D3E1-FD4B-4155-8715-00BCD2995335}.Release|Any CPU.ActiveCfg = Release|Any CPU
		{4990D3E1-FD4B-4155-8715-00BCD2995335}.Release|Any CPU.Build.0 = Release|Any CPU
	EndGlobalSection
	GlobalSection(SolutionProperties) = preSolution
		HideSolutionNode = FALSE
	EndGlobalSection
EndGlobal
